// !$*UTF8*$!
{
	archiveVersion = 1;
	classes = {
	};
	objectVersion = 46;
	objects = {

/* Begin PBXBuildFile section */
		5316B4DA1BD86628006F627E /* PlaidLinkUITests.m in Sources */ = {isa = PBXBuildFile; fileRef = 5316B4D91BD86628006F627E /* PlaidLinkUITests.m */; };
		5316B5071BD866F6006F627E /* PLDLinkBankContainerView.m in Sources */ = {isa = PBXBuildFile; fileRef = 5316B4E81BD866F6006F627E /* PLDLinkBankContainerView.m */; settings = {ASSET_TAGS = (); }; };
		5316B5081BD866F6006F627E /* PLDLinkBankLoginView.m in Sources */ = {isa = PBXBuildFile; fileRef = 5316B4EA1BD866F6006F627E /* PLDLinkBankLoginView.m */; settings = {ASSET_TAGS = (); }; };
		5316B5091BD866F6006F627E /* PLDLinkBankLoginViewController.m in Sources */ = {isa = PBXBuildFile; fileRef = 5316B4EC1BD866F6006F627E /* PLDLinkBankLoginViewController.m */; settings = {ASSET_TAGS = (); }; };
		5316B50A1BD866F6006F627E /* PLDLinkBankMFAChoiceViewController.m in Sources */ = {isa = PBXBuildFile; fileRef = 5316B4EE1BD866F6006F627E /* PLDLinkBankMFAChoiceViewController.m */; settings = {ASSET_TAGS = (); }; };
		5316B50B1BD866F6006F627E /* PLDLinkBankMFAContainerViewController.m in Sources */ = {isa = PBXBuildFile; fileRef = 5316B4F01BD866F6006F627E /* PLDLinkBankMFAContainerViewController.m */; settings = {ASSET_TAGS = (); }; };
		5316B50C1BD866F6006F627E /* PLDLinkBankMFAExplainerView.m in Sources */ = {isa = PBXBuildFile; fileRef = 5316B4F21BD866F6006F627E /* PLDLinkBankMFAExplainerView.m */; settings = {ASSET_TAGS = (); }; };
		5316B50D1BD866F6006F627E /* PLDLinkBankMFAQuestionOrCodeViewController.m in Sources */ = {isa = PBXBuildFile; fileRef = 5316B4F41BD866F6006F627E /* PLDLinkBankMFAQuestionOrCodeViewController.m */; settings = {ASSET_TAGS = (); }; };
		5316B50E1BD866F6006F627E /* PLDLinkBankMFASelectionsViewController.m in Sources */ = {isa = PBXBuildFile; fileRef = 5316B4F61BD866F6006F627E /* PLDLinkBankMFASelectionsViewController.m */; settings = {ASSET_TAGS = (); }; };
		5316B50F1BD866F6006F627E /* PLDLinkBankMFASelectionViewController.m in Sources */ = {isa = PBXBuildFile; fileRef = 5316B4F81BD866F6006F627E /* PLDLinkBankMFASelectionViewController.m */; settings = {ASSET_TAGS = (); }; };
		5316B5101BD866F6006F627E /* PLDLinkBankMFAViewController.m in Sources */ = {isa = PBXBuildFile; fileRef = 5316B4FA1BD866F6006F627E /* PLDLinkBankMFAViewController.m */; settings = {ASSET_TAGS = (); }; };
		5316B5111BD866F6006F627E /* PLDLinkBankSelectionView.m in Sources */ = {isa = PBXBuildFile; fileRef = 5316B4FC1BD866F6006F627E /* PLDLinkBankSelectionView.m */; settings = {ASSET_TAGS = (); }; };
		5316B5121BD866F6006F627E /* PLDLinkBankSelectionViewController.m in Sources */ = {isa = PBXBuildFile; fileRef = 5316B4FE1BD866F6006F627E /* PLDLinkBankSelectionViewController.m */; settings = {ASSET_TAGS = (); }; };
		5316B5131BD866F6006F627E /* PLDLinkBankTileView.m in Sources */ = {isa = PBXBuildFile; fileRef = 5316B5001BD866F6006F627E /* PLDLinkBankTileView.m */; settings = {ASSET_TAGS = (); }; };
		5316B5141BD866F6006F627E /* PLDLinkFinishedViewController.m in Sources */ = {isa = PBXBuildFile; fileRef = 5316B5021BD866F6006F627E /* PLDLinkFinishedViewController.m */; settings = {ASSET_TAGS = (); }; };
		5316B5151BD866F6006F627E /* PLDLinkNavigationViewController.m in Sources */ = {isa = PBXBuildFile; fileRef = 5316B5041BD866F6006F627E /* PLDLinkNavigationViewController.m */; settings = {ASSET_TAGS = (); }; };
		5316B5161BD866F6006F627E /* PLDLinkSelectionToLoginAnimator.m in Sources */ = {isa = PBXBuildFile; fileRef = 5316B5061BD866F6006F627E /* PLDLinkSelectionToLoginAnimator.m */; settings = {ASSET_TAGS = (); }; };
		5316B51F1BD8672B006F627E /* AppDelegate.m in Sources */ = {isa = PBXBuildFile; fileRef = 5316B5191BD8672B006F627E /* AppDelegate.m */; settings = {ASSET_TAGS = (); }; };
		5316B5201BD8672B006F627E /* Assets.xcassets in Resources */ = {isa = PBXBuildFile; fileRef = 5316B51A1BD8672B006F627E /* Assets.xcassets */; settings = {ASSET_TAGS = (); }; };
		5316B5211BD8672B006F627E /* Base.lproj in Resources */ = {isa = PBXBuildFile; fileRef = 5316B51B1BD8672B006F627E /* Base.lproj */; settings = {ASSET_TAGS = (); }; };
		5316B5221BD8672B006F627E /* main.m in Sources */ = {isa = PBXBuildFile; fileRef = 5316B51C1BD8672B006F627E /* main.m */; settings = {ASSET_TAGS = (); }; };
		5316B5251BD8689A006F627E /* Info.plist in Resources */ = {isa = PBXBuildFile; fileRef = 5316B5241BD8689A006F627E /* Info.plist */; settings = {ASSET_TAGS = (); }; };
		B18282791BD9560B0032AF19 /* Assets.xcassets in Resources */ = {isa = PBXBuildFile; fileRef = B18282781BD9560B0032AF19 /* Assets.xcassets */; settings = {ASSET_TAGS = (); }; };
		B182827C1BD996550032AF19 /* PLDLinkBankMFAQuestionOrCodeView.m in Sources */ = {isa = PBXBuildFile; fileRef = B182827B1BD996550032AF19 /* PLDLinkBankMFAQuestionOrCodeView.m */; settings = {ASSET_TAGS = (); }; };
		B182827F1BD9A4D30032AF19 /* PLDLinkBankMFAChoiceView.m in Sources */ = {isa = PBXBuildFile; fileRef = B182827E1BD9A4D30032AF19 /* PLDLinkBankMFAChoiceView.m */; settings = {ASSET_TAGS = (); }; };
		C0F4E46B175DA32EFB1F370C /* libPods-PlaidLink.a in Frameworks */ = {isa = PBXBuildFile; fileRef = C2655A45D9522B3615EE7B18 /* libPods-PlaidLink.a */; };
/* End PBXBuildFile section */

/* Begin PBXContainerItemProxy section */
		5316B4D61BD86628006F627E /* PBXContainerItemProxy */ = {
			isa = PBXContainerItemProxy;
			containerPortal = 5316B4B41BD86628006F627E /* Project object */;
			proxyType = 1;
			remoteGlobalIDString = 5316B4BB1BD86628006F627E;
			remoteInfo = PlaidLink;
		};
/* End PBXContainerItemProxy section */

/* Begin PBXFileReference section */
		5316B4BC1BD86628006F627E /* PlaidLink.app */ = {isa = PBXFileReference; explicitFileType = wrapper.application; includeInIndex = 0; path = PlaidLink.app; sourceTree = BUILT_PRODUCTS_DIR; };
		5316B4D51BD86628006F627E /* PlaidLinkUITests.xctest */ = {isa = PBXFileReference; explicitFileType = wrapper.cfbundle; includeInIndex = 0; path = PlaidLinkUITests.xctest; sourceTree = BUILT_PRODUCTS_DIR; };
		5316B4D91BD86628006F627E /* PlaidLinkUITests.m */ = {isa = PBXFileReference; lastKnownFileType = sourcecode.c.objc; path = PlaidLinkUITests.m; sourceTree = "<group>"; };
		5316B4DB1BD86628006F627E /* Info.plist */ = {isa = PBXFileReference; lastKnownFileType = text.plist.xml; path = Info.plist; sourceTree = "<group>"; };
		5316B4E71BD866F6006F627E /* PLDLinkBankContainerView.h */ = {isa = PBXFileReference; fileEncoding = 4; lastKnownFileType = sourcecode.c.h; name = PLDLinkBankContainerView.h; path = Classes/PLDLinkBankContainerView.h; sourceTree = "<group>"; };
		5316B4E81BD866F6006F627E /* PLDLinkBankContainerView.m */ = {isa = PBXFileReference; fileEncoding = 4; lastKnownFileType = sourcecode.c.objc; name = PLDLinkBankContainerView.m; path = Classes/PLDLinkBankContainerView.m; sourceTree = "<group>"; };
		5316B4E91BD866F6006F627E /* PLDLinkBankLoginView.h */ = {isa = PBXFileReference; fileEncoding = 4; lastKnownFileType = sourcecode.c.h; name = PLDLinkBankLoginView.h; path = Classes/PLDLinkBankLoginView.h; sourceTree = "<group>"; };
		5316B4EA1BD866F6006F627E /* PLDLinkBankLoginView.m */ = {isa = PBXFileReference; fileEncoding = 4; lastKnownFileType = sourcecode.c.objc; name = PLDLinkBankLoginView.m; path = Classes/PLDLinkBankLoginView.m; sourceTree = "<group>"; };
		5316B4EB1BD866F6006F627E /* PLDLinkBankLoginViewController.h */ = {isa = PBXFileReference; fileEncoding = 4; lastKnownFileType = sourcecode.c.h; name = PLDLinkBankLoginViewController.h; path = Classes/PLDLinkBankLoginViewController.h; sourceTree = "<group>"; };
		5316B4EC1BD866F6006F627E /* PLDLinkBankLoginViewController.m */ = {isa = PBXFileReference; fileEncoding = 4; lastKnownFileType = sourcecode.c.objc; name = PLDLinkBankLoginViewController.m; path = Classes/PLDLinkBankLoginViewController.m; sourceTree = "<group>"; };
		5316B4ED1BD866F6006F627E /* PLDLinkBankMFAChoiceViewController.h */ = {isa = PBXFileReference; fileEncoding = 4; lastKnownFileType = sourcecode.c.h; name = PLDLinkBankMFAChoiceViewController.h; path = Classes/PLDLinkBankMFAChoiceViewController.h; sourceTree = "<group>"; };
		5316B4EE1BD866F6006F627E /* PLDLinkBankMFAChoiceViewController.m */ = {isa = PBXFileReference; fileEncoding = 4; lastKnownFileType = sourcecode.c.objc; name = PLDLinkBankMFAChoiceViewController.m; path = Classes/PLDLinkBankMFAChoiceViewController.m; sourceTree = "<group>"; };
		5316B4EF1BD866F6006F627E /* PLDLinkBankMFAContainerViewController.h */ = {isa = PBXFileReference; fileEncoding = 4; lastKnownFileType = sourcecode.c.h; name = PLDLinkBankMFAContainerViewController.h; path = Classes/PLDLinkBankMFAContainerViewController.h; sourceTree = "<group>"; };
		5316B4F01BD866F6006F627E /* PLDLinkBankMFAContainerViewController.m */ = {isa = PBXFileReference; fileEncoding = 4; lastKnownFileType = sourcecode.c.objc; name = PLDLinkBankMFAContainerViewController.m; path = Classes/PLDLinkBankMFAContainerViewController.m; sourceTree = "<group>"; };
		5316B4F11BD866F6006F627E /* PLDLinkBankMFAExplainerView.h */ = {isa = PBXFileReference; fileEncoding = 4; lastKnownFileType = sourcecode.c.h; name = PLDLinkBankMFAExplainerView.h; path = Classes/PLDLinkBankMFAExplainerView.h; sourceTree = "<group>"; };
		5316B4F21BD866F6006F627E /* PLDLinkBankMFAExplainerView.m */ = {isa = PBXFileReference; fileEncoding = 4; lastKnownFileType = sourcecode.c.objc; name = PLDLinkBankMFAExplainerView.m; path = Classes/PLDLinkBankMFAExplainerView.m; sourceTree = "<group>"; };
		5316B4F31BD866F6006F627E /* PLDLinkBankMFAQuestionOrCodeViewController.h */ = {isa = PBXFileReference; fileEncoding = 4; lastKnownFileType = sourcecode.c.h; name = PLDLinkBankMFAQuestionOrCodeViewController.h; path = Classes/PLDLinkBankMFAQuestionOrCodeViewController.h; sourceTree = "<group>"; };
		5316B4F41BD866F6006F627E /* PLDLinkBankMFAQuestionOrCodeViewController.m */ = {isa = PBXFileReference; fileEncoding = 4; lastKnownFileType = sourcecode.c.objc; name = PLDLinkBankMFAQuestionOrCodeViewController.m; path = Classes/PLDLinkBankMFAQuestionOrCodeViewController.m; sourceTree = "<group>"; };
		5316B4F51BD866F6006F627E /* PLDLinkBankMFASelectionsViewController.h */ = {isa = PBXFileReference; fileEncoding = 4; lastKnownFileType = sourcecode.c.h; name = PLDLinkBankMFASelectionsViewController.h; path = Classes/PLDLinkBankMFASelectionsViewController.h; sourceTree = "<group>"; };
		5316B4F61BD866F6006F627E /* PLDLinkBankMFASelectionsViewController.m */ = {isa = PBXFileReference; fileEncoding = 4; lastKnownFileType = sourcecode.c.objc; name = PLDLinkBankMFASelectionsViewController.m; path = Classes/PLDLinkBankMFASelectionsViewController.m; sourceTree = "<group>"; };
		5316B4F71BD866F6006F627E /* PLDLinkBankMFASelectionViewController.h */ = {isa = PBXFileReference; fileEncoding = 4; lastKnownFileType = sourcecode.c.h; name = PLDLinkBankMFASelectionViewController.h; path = Classes/PLDLinkBankMFASelectionViewController.h; sourceTree = "<group>"; };
		5316B4F81BD866F6006F627E /* PLDLinkBankMFASelectionViewController.m */ = {isa = PBXFileReference; fileEncoding = 4; lastKnownFileType = sourcecode.c.objc; name = PLDLinkBankMFASelectionViewController.m; path = Classes/PLDLinkBankMFASelectionViewController.m; sourceTree = "<group>"; };
		5316B4F91BD866F6006F627E /* PLDLinkBankMFAViewController.h */ = {isa = PBXFileReference; fileEncoding = 4; lastKnownFileType = sourcecode.c.h; name = PLDLinkBankMFAViewController.h; path = Classes/PLDLinkBankMFAViewController.h; sourceTree = "<group>"; };
		5316B4FA1BD866F6006F627E /* PLDLinkBankMFAViewController.m */ = {isa = PBXFileReference; fileEncoding = 4; lastKnownFileType = sourcecode.c.objc; name = PLDLinkBankMFAViewController.m; path = Classes/PLDLinkBankMFAViewController.m; sourceTree = "<group>"; };
		5316B4FB1BD866F6006F627E /* PLDLinkBankSelectionView.h */ = {isa = PBXFileReference; fileEncoding = 4; lastKnownFileType = sourcecode.c.h; name = PLDLinkBankSelectionView.h; path = Classes/PLDLinkBankSelectionView.h; sourceTree = "<group>"; };
		5316B4FC1BD866F6006F627E /* PLDLinkBankSelectionView.m */ = {isa = PBXFileReference; fileEncoding = 4; lastKnownFileType = sourcecode.c.objc; name = PLDLinkBankSelectionView.m; path = Classes/PLDLinkBankSelectionView.m; sourceTree = "<group>"; };
		5316B4FD1BD866F6006F627E /* PLDLinkBankSelectionViewController.h */ = {isa = PBXFileReference; fileEncoding = 4; lastKnownFileType = sourcecode.c.h; name = PLDLinkBankSelectionViewController.h; path = Classes/PLDLinkBankSelectionViewController.h; sourceTree = "<group>"; };
		5316B4FE1BD866F6006F627E /* PLDLinkBankSelectionViewController.m */ = {isa = PBXFileReference; fileEncoding = 4; lastKnownFileType = sourcecode.c.objc; name = PLDLinkBankSelectionViewController.m; path = Classes/PLDLinkBankSelectionViewController.m; sourceTree = "<group>"; };
		5316B4FF1BD866F6006F627E /* PLDLinkBankTileView.h */ = {isa = PBXFileReference; fileEncoding = 4; lastKnownFileType = sourcecode.c.h; name = PLDLinkBankTileView.h; path = Classes/PLDLinkBankTileView.h; sourceTree = "<group>"; };
		5316B5001BD866F6006F627E /* PLDLinkBankTileView.m */ = {isa = PBXFileReference; fileEncoding = 4; lastKnownFileType = sourcecode.c.objc; name = PLDLinkBankTileView.m; path = Classes/PLDLinkBankTileView.m; sourceTree = "<group>"; };
		5316B5011BD866F6006F627E /* PLDLinkFinishedViewController.h */ = {isa = PBXFileReference; fileEncoding = 4; lastKnownFileType = sourcecode.c.h; name = PLDLinkFinishedViewController.h; path = Classes/PLDLinkFinishedViewController.h; sourceTree = "<group>"; };
		5316B5021BD866F6006F627E /* PLDLinkFinishedViewController.m */ = {isa = PBXFileReference; fileEncoding = 4; lastKnownFileType = sourcecode.c.objc; name = PLDLinkFinishedViewController.m; path = Classes/PLDLinkFinishedViewController.m; sourceTree = "<group>"; };
		5316B5031BD866F6006F627E /* PLDLinkNavigationViewController.h */ = {isa = PBXFileReference; fileEncoding = 4; lastKnownFileType = sourcecode.c.h; name = PLDLinkNavigationViewController.h; path = Classes/PLDLinkNavigationViewController.h; sourceTree = "<group>"; };
		5316B5041BD866F6006F627E /* PLDLinkNavigationViewController.m */ = {isa = PBXFileReference; fileEncoding = 4; lastKnownFileType = sourcecode.c.objc; name = PLDLinkNavigationViewController.m; path = Classes/PLDLinkNavigationViewController.m; sourceTree = "<group>"; };
		5316B5051BD866F6006F627E /* PLDLinkSelectionToLoginAnimator.h */ = {isa = PBXFileReference; fileEncoding = 4; lastKnownFileType = sourcecode.c.h; name = PLDLinkSelectionToLoginAnimator.h; path = Classes/PLDLinkSelectionToLoginAnimator.h; sourceTree = "<group>"; };
		5316B5061BD866F6006F627E /* PLDLinkSelectionToLoginAnimator.m */ = {isa = PBXFileReference; fileEncoding = 4; lastKnownFileType = sourcecode.c.objc; name = PLDLinkSelectionToLoginAnimator.m; path = Classes/PLDLinkSelectionToLoginAnimator.m; sourceTree = "<group>"; };
		5316B5181BD8672B006F627E /* AppDelegate.h */ = {isa = PBXFileReference; fileEncoding = 4; lastKnownFileType = sourcecode.c.h; name = AppDelegate.h; path = PlaidLinkDemo/AppDelegate.h; sourceTree = "<group>"; };
		5316B5191BD8672B006F627E /* AppDelegate.m */ = {isa = PBXFileReference; fileEncoding = 4; lastKnownFileType = sourcecode.c.objc; name = AppDelegate.m; path = PlaidLinkDemo/AppDelegate.m; sourceTree = "<group>"; };
		5316B51A1BD8672B006F627E /* Assets.xcassets */ = {isa = PBXFileReference; lastKnownFileType = folder.assetcatalog; name = Assets.xcassets; path = PlaidLinkDemo/Assets.xcassets; sourceTree = "<group>"; };
		5316B51B1BD8672B006F627E /* Base.lproj */ = {isa = PBXFileReference; lastKnownFileType = folder; name = Base.lproj; path = PlaidLinkDemo/Base.lproj; sourceTree = "<group>"; };
		5316B51C1BD8672B006F627E /* main.m */ = {isa = PBXFileReference; fileEncoding = 4; lastKnownFileType = sourcecode.c.objc; name = main.m; path = PlaidLinkDemo/main.m; sourceTree = "<group>"; };
		5316B5241BD8689A006F627E /* Info.plist */ = {isa = PBXFileReference; fileEncoding = 4; lastKnownFileType = text.plist.xml; name = Info.plist; path = Resources/Info.plist; sourceTree = "<group>"; };
		99A13A2D3F78158267BA4FA5 /* Pods-PlaidLink.release.xcconfig */ = {isa = PBXFileReference; includeInIndex = 1; lastKnownFileType = text.xcconfig; name = "Pods-PlaidLink.release.xcconfig"; path = "Pods/Target Support Files/Pods-PlaidLink/Pods-PlaidLink.release.xcconfig"; sourceTree = "<group>"; };
		B18282781BD9560B0032AF19 /* Assets.xcassets */ = {isa = PBXFileReference; lastKnownFileType = folder.assetcatalog; name = Assets.xcassets; path = Resources/Assets.xcassets; sourceTree = "<group>"; };
		B182827A1BD996550032AF19 /* PLDLinkBankMFAQuestionOrCodeView.h */ = {isa = PBXFileReference; fileEncoding = 4; lastKnownFileType = sourcecode.c.h; name = PLDLinkBankMFAQuestionOrCodeView.h; path = Classes/PLDLinkBankMFAQuestionOrCodeView.h; sourceTree = "<group>"; };
		B182827B1BD996550032AF19 /* PLDLinkBankMFAQuestionOrCodeView.m */ = {isa = PBXFileReference; fileEncoding = 4; lastKnownFileType = sourcecode.c.objc; name = PLDLinkBankMFAQuestionOrCodeView.m; path = Classes/PLDLinkBankMFAQuestionOrCodeView.m; sourceTree = "<group>"; };
		B182827D1BD9A4D30032AF19 /* PLDLinkBankMFAChoiceView.h */ = {isa = PBXFileReference; fileEncoding = 4; lastKnownFileType = sourcecode.c.h; name = PLDLinkBankMFAChoiceView.h; path = Classes/PLDLinkBankMFAChoiceView.h; sourceTree = "<group>"; };
		B182827E1BD9A4D30032AF19 /* PLDLinkBankMFAChoiceView.m */ = {isa = PBXFileReference; fileEncoding = 4; lastKnownFileType = sourcecode.c.objc; name = PLDLinkBankMFAChoiceView.m; path = Classes/PLDLinkBankMFAChoiceView.m; sourceTree = "<group>"; };
		C2655A45D9522B3615EE7B18 /* libPods-PlaidLink.a */ = {isa = PBXFileReference; explicitFileType = archive.ar; includeInIndex = 0; path = "libPods-PlaidLink.a"; sourceTree = BUILT_PRODUCTS_DIR; };
		DB45B1F18220C68AD92A8C70 /* Pods-PlaidLink.debug.xcconfig */ = {isa = PBXFileReference; includeInIndex = 1; lastKnownFileType = text.xcconfig; name = "Pods-PlaidLink.debug.xcconfig"; path = "Pods/Target Support Files/Pods-PlaidLink/Pods-PlaidLink.debug.xcconfig"; sourceTree = "<group>"; };
/* End PBXFileReference section */

/* Begin PBXFrameworksBuildPhase section */
		5316B4B91BD86628006F627E /* Frameworks */ = {
			isa = PBXFrameworksBuildPhase;
			buildActionMask = 2147483647;
			files = (
				C0F4E46B175DA32EFB1F370C /* libPods-PlaidLink.a in Frameworks */,
			);
			runOnlyForDeploymentPostprocessing = 0;
		};
		5316B4D21BD86628006F627E /* Frameworks */ = {
			isa = PBXFrameworksBuildPhase;
			buildActionMask = 2147483647;
			files = (
			);
			runOnlyForDeploymentPostprocessing = 0;
		};
/* End PBXFrameworksBuildPhase section */

/* Begin PBXGroup section */
		04251C2599FE8A0E6C287A1B /* Frameworks */ = {
			isa = PBXGroup;
			children = (
				C2655A45D9522B3615EE7B18 /* libPods-PlaidLink.a */,
			);
			name = Frameworks;
			sourceTree = "<group>";
		};
		5316B4B31BD86628006F627E = {
			isa = PBXGroup;
			children = (
				5316B4BE1BD86628006F627E /* PlaidLink */,
				5316B4E41BD866C2006F627E /* PlaidLinkDemo */,
				5316B4D81BD86628006F627E /* PlaidLinkUITests */,
				5316B4BD1BD86628006F627E /* Products */,
				FC3E6B3BB8B5A3E502704CBA /* Pods */,
				04251C2599FE8A0E6C287A1B /* Frameworks */,
			);
			sourceTree = "<group>";
		};
		5316B4BD1BD86628006F627E /* Products */ = {
			isa = PBXGroup;
			children = (
				5316B4BC1BD86628006F627E /* PlaidLink.app */,
				5316B4D51BD86628006F627E /* PlaidLinkUITests.xctest */,
			);
			name = Products;
			sourceTree = "<group>";
		};
		5316B4BE1BD86628006F627E /* PlaidLink */ = {
			isa = PBXGroup;
			children = (
				5316B4E51BD866DC006F627E /* Classes */,
				5316B4E61BD866E2006F627E /* Resources */,
			);
			path = PlaidLink;
			sourceTree = "<group>";
		};
		5316B4D81BD86628006F627E /* PlaidLinkUITests */ = {
			isa = PBXGroup;
			children = (
				5316B4D91BD86628006F627E /* PlaidLinkUITests.m */,
				5316B4DB1BD86628006F627E /* Info.plist */,
			);
			path = PlaidLinkUITests;
			sourceTree = "<group>";
		};
		5316B4E41BD866C2006F627E /* PlaidLinkDemo */ = {
			isa = PBXGroup;
			children = (
				5316B5181BD8672B006F627E /* AppDelegate.h */,
				5316B5191BD8672B006F627E /* AppDelegate.m */,
				5316B51A1BD8672B006F627E /* Assets.xcassets */,
				5316B51B1BD8672B006F627E /* Base.lproj */,
				5316B51C1BD8672B006F627E /* main.m */,
			);
			name = PlaidLinkDemo;
			sourceTree = "<group>";
		};
		5316B4E51BD866DC006F627E /* Classes */ = {
			isa = PBXGroup;
			children = (
				5316B5171BD866FE006F627E /* Views */,
				5316B4EB1BD866F6006F627E /* PLDLinkBankLoginViewController.h */,
				5316B4EC1BD866F6006F627E /* PLDLinkBankLoginViewController.m */,
				5316B4ED1BD866F6006F627E /* PLDLinkBankMFAChoiceViewController.h */,
				5316B4EE1BD866F6006F627E /* PLDLinkBankMFAChoiceViewController.m */,
				5316B4EF1BD866F6006F627E /* PLDLinkBankMFAContainerViewController.h */,
				5316B4F01BD866F6006F627E /* PLDLinkBankMFAContainerViewController.m */,
				5316B4F31BD866F6006F627E /* PLDLinkBankMFAQuestionOrCodeViewController.h */,
				5316B4F41BD866F6006F627E /* PLDLinkBankMFAQuestionOrCodeViewController.m */,
				5316B4F51BD866F6006F627E /* PLDLinkBankMFASelectionsViewController.h */,
				5316B4F61BD866F6006F627E /* PLDLinkBankMFASelectionsViewController.m */,
				5316B4F71BD866F6006F627E /* PLDLinkBankMFASelectionViewController.h */,
				5316B4F81BD866F6006F627E /* PLDLinkBankMFASelectionViewController.m */,
				5316B4F91BD866F6006F627E /* PLDLinkBankMFAViewController.h */,
				5316B4FA1BD866F6006F627E /* PLDLinkBankMFAViewController.m */,
				5316B4FD1BD866F6006F627E /* PLDLinkBankSelectionViewController.h */,
				5316B4FE1BD866F6006F627E /* PLDLinkBankSelectionViewController.m */,
				5316B5011BD866F6006F627E /* PLDLinkFinishedViewController.h */,
				5316B5021BD866F6006F627E /* PLDLinkFinishedViewController.m */,
				5316B5031BD866F6006F627E /* PLDLinkNavigationViewController.h */,
				5316B5041BD866F6006F627E /* PLDLinkNavigationViewController.m */,
				5316B5051BD866F6006F627E /* PLDLinkSelectionToLoginAnimator.h */,
				5316B5061BD866F6006F627E /* PLDLinkSelectionToLoginAnimator.m */,
			);
			name = Classes;
			sourceTree = "<group>";
		};
		5316B4E61BD866E2006F627E /* Resources */ = {
			isa = PBXGroup;
			children = (
				5316B5241BD8689A006F627E /* Info.plist */,
				B18282781BD9560B0032AF19 /* Assets.xcassets */,
			);
			name = Resources;
			sourceTree = "<group>";
		};
		5316B5171BD866FE006F627E /* Views */ = {
			isa = PBXGroup;
			children = (
				5316B4E71BD866F6006F627E /* PLDLinkBankContainerView.h */,
				5316B4E81BD866F6006F627E /* PLDLinkBankContainerView.m */,
				5316B4E91BD866F6006F627E /* PLDLinkBankLoginView.h */,
				5316B4EA1BD866F6006F627E /* PLDLinkBankLoginView.m */,
				5316B4F11BD866F6006F627E /* PLDLinkBankMFAExplainerView.h */,
				5316B4F21BD866F6006F627E /* PLDLinkBankMFAExplainerView.m */,
				5316B4FB1BD866F6006F627E /* PLDLinkBankSelectionView.h */,
				5316B4FC1BD866F6006F627E /* PLDLinkBankSelectionView.m */,
				5316B4FF1BD866F6006F627E /* PLDLinkBankTileView.h */,
				5316B5001BD866F6006F627E /* PLDLinkBankTileView.m */,
				B182827A1BD996550032AF19 /* PLDLinkBankMFAQuestionOrCodeView.h */,
				B182827B1BD996550032AF19 /* PLDLinkBankMFAQuestionOrCodeView.m */,
				B182827D1BD9A4D30032AF19 /* PLDLinkBankMFAChoiceView.h */,
				B182827E1BD9A4D30032AF19 /* PLDLinkBankMFAChoiceView.m */,
			);
			name = Views;
			sourceTree = "<group>";
		};
		FC3E6B3BB8B5A3E502704CBA /* Pods */ = {
			isa = PBXGroup;
			children = (
				DB45B1F18220C68AD92A8C70 /* Pods-PlaidLink.debug.xcconfig */,
				99A13A2D3F78158267BA4FA5 /* Pods-PlaidLink.release.xcconfig */,
			);
			name = Pods;
			sourceTree = "<group>";
		};
/* End PBXGroup section */

/* Begin PBXNativeTarget section */
		5316B4BB1BD86628006F627E /* PlaidLink */ = {
			isa = PBXNativeTarget;
			buildConfigurationList = 5316B4DE1BD86628006F627E /* Build configuration list for PBXNativeTarget "PlaidLink" */;
			buildPhases = (
				B2795C5E8B2D4ED3EE60A0E3 /* Check Pods Manifest.lock */,
				5316B4B81BD86628006F627E /* Sources */,
				5316B4B91BD86628006F627E /* Frameworks */,
				5316B4BA1BD86628006F627E /* Resources */,
				DFB6EC1BA34F2B981665D098 /* Embed Pods Frameworks */,
				0C8189DE8B368F146FD31D17 /* Copy Pods Resources */,
			);
			buildRules = (
			);
			dependencies = (
			);
			name = PlaidLink;
			productName = PlaidLink;
			productReference = 5316B4BC1BD86628006F627E /* PlaidLink.app */;
			productType = "com.apple.product-type.application";
		};
		5316B4D41BD86628006F627E /* PlaidLinkUITests */ = {
			isa = PBXNativeTarget;
			buildConfigurationList = 5316B4E11BD86628006F627E /* Build configuration list for PBXNativeTarget "PlaidLinkUITests" */;
			buildPhases = (
				5316B4D11BD86628006F627E /* Sources */,
				5316B4D21BD86628006F627E /* Frameworks */,
				5316B4D31BD86628006F627E /* Resources */,
			);
			buildRules = (
			);
			dependencies = (
				5316B4D71BD86628006F627E /* PBXTargetDependency */,
			);
			name = PlaidLinkUITests;
			productName = PlaidLinkUITests;
			productReference = 5316B4D51BD86628006F627E /* PlaidLinkUITests.xctest */;
			productType = "com.apple.product-type.bundle.ui-testing";
		};
/* End PBXNativeTarget section */

/* Begin PBXProject section */
		5316B4B41BD86628006F627E /* Project object */ = {
			isa = PBXProject;
			attributes = {
				LastUpgradeCheck = 0700;
				ORGANIZATIONNAME = "Simon Levy";
				TargetAttributes = {
					5316B4BB1BD86628006F627E = {
						CreatedOnToolsVersion = 7.0.1;
					};
					5316B4D41BD86628006F627E = {
						CreatedOnToolsVersion = 7.0.1;
						TestTargetID = 5316B4BB1BD86628006F627E;
					};
				};
			};
			buildConfigurationList = 5316B4B71BD86628006F627E /* Build configuration list for PBXProject "PlaidLink" */;
			compatibilityVersion = "Xcode 3.2";
			developmentRegion = English;
			hasScannedForEncodings = 0;
			knownRegions = (
				en,
				Base,
			);
			mainGroup = 5316B4B31BD86628006F627E;
			productRefGroup = 5316B4BD1BD86628006F627E /* Products */;
			projectDirPath = "";
			projectRoot = "";
			targets = (
				5316B4BB1BD86628006F627E /* PlaidLink */,
				5316B4D41BD86628006F627E /* PlaidLinkUITests */,
			);
		};
/* End PBXProject section */

/* Begin PBXResourcesBuildPhase section */
		5316B4BA1BD86628006F627E /* Resources */ = {
			isa = PBXResourcesBuildPhase;
			buildActionMask = 2147483647;
			files = (
				5316B5211BD8672B006F627E /* Base.lproj in Resources */,
				5316B5201BD8672B006F627E /* Assets.xcassets in Resources */,
				B18282791BD9560B0032AF19 /* Assets.xcassets in Resources */,
				5316B5251BD8689A006F627E /* Info.plist in Resources */,
			);
			runOnlyForDeploymentPostprocessing = 0;
		};
		5316B4D31BD86628006F627E /* Resources */ = {
			isa = PBXResourcesBuildPhase;
			buildActionMask = 2147483647;
			files = (
			);
			runOnlyForDeploymentPostprocessing = 0;
		};
/* End PBXResourcesBuildPhase section */

/* Begin PBXShellScriptBuildPhase section */
		0C8189DE8B368F146FD31D17 /* Copy Pods Resources */ = {
			isa = PBXShellScriptBuildPhase;
			buildActionMask = 2147483647;
			files = (
			);
			inputPaths = (
			);
			name = "Copy Pods Resources";
			outputPaths = (
			);
			runOnlyForDeploymentPostprocessing = 0;
			shellPath = /bin/sh;
			shellScript = "\"${SRCROOT}/Pods/Target Support Files/Pods-PlaidLink/Pods-PlaidLink-resources.sh\"\n";
			showEnvVarsInLog = 0;
		};
		B2795C5E8B2D4ED3EE60A0E3 /* Check Pods Manifest.lock */ = {
			isa = PBXShellScriptBuildPhase;
			buildActionMask = 2147483647;
			files = (
			);
			inputPaths = (
			);
			name = "Check Pods Manifest.lock";
			outputPaths = (
			);
			runOnlyForDeploymentPostprocessing = 0;
			shellPath = /bin/sh;
			shellScript = "diff \"${PODS_ROOT}/../Podfile.lock\" \"${PODS_ROOT}/Manifest.lock\" > /dev/null\nif [[ $? != 0 ]] ; then\n    cat << EOM\nerror: The sandbox is not in sync with the Podfile.lock. Run 'pod install' or update your CocoaPods installation.\nEOM\n    exit 1\nfi\n";
			showEnvVarsInLog = 0;
		};
		DFB6EC1BA34F2B981665D098 /* Embed Pods Frameworks */ = {
			isa = PBXShellScriptBuildPhase;
			buildActionMask = 2147483647;
			files = (
			);
			inputPaths = (
			);
			name = "Embed Pods Frameworks";
			outputPaths = (
			);
			runOnlyForDeploymentPostprocessing = 0;
			shellPath = /bin/sh;
			shellScript = "\"${SRCROOT}/Pods/Target Support Files/Pods-PlaidLink/Pods-PlaidLink-frameworks.sh\"\n";
			showEnvVarsInLog = 0;
		};
/* End PBXShellScriptBuildPhase section */

/* Begin PBXSourcesBuildPhase section */
		5316B4B81BD86628006F627E /* Sources */ = {
			isa = PBXSourcesBuildPhase;
			buildActionMask = 2147483647;
			files = (
				5316B5131BD866F6006F627E /* PLDLinkBankTileView.m in Sources */,
				5316B5111BD866F6006F627E /* PLDLinkBankSelectionView.m in Sources */,
				5316B5071BD866F6006F627E /* PLDLinkBankContainerView.m in Sources */,
				5316B50E1BD866F6006F627E /* PLDLinkBankMFASelectionsViewController.m in Sources */,
				5316B5101BD866F6006F627E /* PLDLinkBankMFAViewController.m in Sources */,
				5316B5161BD866F6006F627E /* PLDLinkSelectionToLoginAnimator.m in Sources */,
				5316B50B1BD866F6006F627E /* PLDLinkBankMFAContainerViewController.m in Sources */,
				5316B5091BD866F6006F627E /* PLDLinkBankLoginViewController.m in Sources */,
				5316B5121BD866F6006F627E /* PLDLinkBankSelectionViewController.m in Sources */,
				5316B50F1BD866F6006F627E /* PLDLinkBankMFASelectionViewController.m in Sources */,
				5316B5141BD866F6006F627E /* PLDLinkFinishedViewController.m in Sources */,
				5316B5081BD866F6006F627E /* PLDLinkBankLoginView.m in Sources */,
				5316B50D1BD866F6006F627E /* PLDLinkBankMFAQuestionOrCodeViewController.m in Sources */,
				B182827C1BD996550032AF19 /* PLDLinkBankMFAQuestionOrCodeView.m in Sources */,
				5316B5151BD866F6006F627E /* PLDLinkNavigationViewController.m in Sources */,
				5316B51F1BD8672B006F627E /* AppDelegate.m in Sources */,
				5316B50A1BD866F6006F627E /* PLDLinkBankMFAChoiceViewController.m in Sources */,
				B182827F1BD9A4D30032AF19 /* PLDLinkBankMFAChoiceView.m in Sources */,
				5316B5221BD8672B006F627E /* main.m in Sources */,
				5316B50C1BD866F6006F627E /* PLDLinkBankMFAExplainerView.m in Sources */,
			);
			runOnlyForDeploymentPostprocessing = 0;
		};
		5316B4D11BD86628006F627E /* Sources */ = {
			isa = PBXSourcesBuildPhase;
			buildActionMask = 2147483647;
			files = (
				5316B4DA1BD86628006F627E /* PlaidLinkUITests.m in Sources */,
			);
			runOnlyForDeploymentPostprocessing = 0;
		};
/* End PBXSourcesBuildPhase section */

/* Begin PBXTargetDependency section */
		5316B4D71BD86628006F627E /* PBXTargetDependency */ = {
			isa = PBXTargetDependency;
			target = 5316B4BB1BD86628006F627E /* PlaidLink */;
			targetProxy = 5316B4D61BD86628006F627E /* PBXContainerItemProxy */;
		};
/* End PBXTargetDependency section */

/* Begin XCBuildConfiguration section */
		5316B4DC1BD86628006F627E /* Debug */ = {
			isa = XCBuildConfiguration;
			buildSettings = {
				ALWAYS_SEARCH_USER_PATHS = NO;
				CLANG_CXX_LANGUAGE_STANDARD = "gnu++0x";
				CLANG_CXX_LIBRARY = "libc++";
				CLANG_ENABLE_MODULES = YES;
				CLANG_ENABLE_OBJC_ARC = YES;
				CLANG_WARN_BOOL_CONVERSION = YES;
				CLANG_WARN_CONSTANT_CONVERSION = YES;
				CLANG_WARN_DIRECT_OBJC_ISA_USAGE = YES_ERROR;
				CLANG_WARN_EMPTY_BODY = YES;
				CLANG_WARN_ENUM_CONVERSION = YES;
				CLANG_WARN_INT_CONVERSION = YES;
				CLANG_WARN_OBJC_ROOT_CLASS = YES_ERROR;
				CLANG_WARN_UNREACHABLE_CODE = YES;
				CLANG_WARN__DUPLICATE_METHOD_MATCH = YES;
				"CODE_SIGN_IDENTITY[sdk=iphoneos*]" = "iPhone Developer";
				COPY_PHASE_STRIP = NO;
				DEBUG_INFORMATION_FORMAT = dwarf;
				ENABLE_STRICT_OBJC_MSGSEND = YES;
				ENABLE_TESTABILITY = YES;
				GCC_C_LANGUAGE_STANDARD = gnu99;
				GCC_DYNAMIC_NO_PIC = NO;
				GCC_NO_COMMON_BLOCKS = YES;
				GCC_OPTIMIZATION_LEVEL = 0;
				GCC_PREPROCESSOR_DEFINITIONS = (
					"DEBUG=1",
					"$(inherited)",
				);
				GCC_WARN_64_TO_32_BIT_CONVERSION = YES;
				GCC_WARN_ABOUT_RETURN_TYPE = YES_ERROR;
				GCC_WARN_UNDECLARED_SELECTOR = YES;
				GCC_WARN_UNINITIALIZED_AUTOS = YES_AGGRESSIVE;
				GCC_WARN_UNUSED_FUNCTION = YES;
				GCC_WARN_UNUSED_VARIABLE = YES;
				IPHONEOS_DEPLOYMENT_TARGET = 9.0;
				MTL_ENABLE_DEBUG_INFO = YES;
				ONLY_ACTIVE_ARCH = YES;
				SDKROOT = iphoneos;
				TARGETED_DEVICE_FAMILY = "1,2";
			};
			name = Debug;
		};
		5316B4DD1BD86628006F627E /* Release */ = {
			isa = XCBuildConfiguration;
			buildSettings = {
				ALWAYS_SEARCH_USER_PATHS = NO;
				CLANG_CXX_LANGUAGE_STANDARD = "gnu++0x";
				CLANG_CXX_LIBRARY = "libc++";
				CLANG_ENABLE_MODULES = YES;
				CLANG_ENABLE_OBJC_ARC = YES;
				CLANG_WARN_BOOL_CONVERSION = YES;
				CLANG_WARN_CONSTANT_CONVERSION = YES;
				CLANG_WARN_DIRECT_OBJC_ISA_USAGE = YES_ERROR;
				CLANG_WARN_EMPTY_BODY = YES;
				CLANG_WARN_ENUM_CONVERSION = YES;
				CLANG_WARN_INT_CONVERSION = YES;
				CLANG_WARN_OBJC_ROOT_CLASS = YES_ERROR;
				CLANG_WARN_UNREACHABLE_CODE = YES;
				CLANG_WARN__DUPLICATE_METHOD_MATCH = YES;
				"CODE_SIGN_IDENTITY[sdk=iphoneos*]" = "iPhone Developer";
				COPY_PHASE_STRIP = NO;
				DEBUG_INFORMATION_FORMAT = "dwarf-with-dsym";
				ENABLE_NS_ASSERTIONS = NO;
				ENABLE_STRICT_OBJC_MSGSEND = YES;
				GCC_C_LANGUAGE_STANDARD = gnu99;
				GCC_NO_COMMON_BLOCKS = YES;
				GCC_WARN_64_TO_32_BIT_CONVERSION = YES;
				GCC_WARN_ABOUT_RETURN_TYPE = YES_ERROR;
				GCC_WARN_UNDECLARED_SELECTOR = YES;
				GCC_WARN_UNINITIALIZED_AUTOS = YES_AGGRESSIVE;
				GCC_WARN_UNUSED_FUNCTION = YES;
				GCC_WARN_UNUSED_VARIABLE = YES;
				IPHONEOS_DEPLOYMENT_TARGET = 9.0;
				MTL_ENABLE_DEBUG_INFO = NO;
				SDKROOT = iphoneos;
				TARGETED_DEVICE_FAMILY = "1,2";
				VALIDATE_PRODUCT = YES;
			};
			name = Release;
		};
		5316B4DF1BD86628006F627E /* Debug */ = {
			isa = XCBuildConfiguration;
			baseConfigurationReference = DB45B1F18220C68AD92A8C70 /* Pods-PlaidLink.debug.xcconfig */;
			buildSettings = {
				ASSETCATALOG_COMPILER_APPICON_NAME = AppIcon;
				INFOPLIST_FILE = "$(SRCROOT)/PlaidLink/Resources/Info.plist";
				LD_RUNPATH_SEARCH_PATHS = "$(inherited) @executable_path/Frameworks";
				PRODUCT_BUNDLE_IDENTIFIER = com.plaid.PlaidLink;
				PRODUCT_NAME = "$(TARGET_NAME)";
			};
			name = Debug;
		};
		5316B4E01BD86628006F627E /* Release */ = {
			isa = XCBuildConfiguration;
			baseConfigurationReference = 99A13A2D3F78158267BA4FA5 /* Pods-PlaidLink.release.xcconfig */;
			buildSettings = {
				ASSETCATALOG_COMPILER_APPICON_NAME = AppIcon;
				INFOPLIST_FILE = "$(SRCROOT)/PlaidLink/Resources/Info.plist";
				LD_RUNPATH_SEARCH_PATHS = "$(inherited) @executable_path/Frameworks";
				PRODUCT_BUNDLE_IDENTIFIER = com.plaid.PlaidLink;
				PRODUCT_NAME = "$(TARGET_NAME)";
			};
			name = Release;
		};
		5316B4E21BD86628006F627E /* Debug */ = {
			isa = XCBuildConfiguration;
			buildSettings = {
				INFOPLIST_FILE = PlaidLinkUITests/Info.plist;
				LD_RUNPATH_SEARCH_PATHS = "$(inherited) @executable_path/Frameworks @loader_path/Frameworks";
				PRODUCT_BUNDLE_IDENTIFIER = com.plaid.PlaidLinkUITests;
				PRODUCT_NAME = "$(TARGET_NAME)";
				TEST_TARGET_NAME = PlaidLink;
				USES_XCTRUNNER = YES;
			};
			name = Debug;
		};
		5316B4E31BD86628006F627E /* Release */ = {
			isa = XCBuildConfiguration;
			buildSettings = {
				INFOPLIST_FILE = PlaidLinkUITests/Info.plist;
				LD_RUNPATH_SEARCH_PATHS = "$(inherited) @executable_path/Frameworks @loader_path/Frameworks";
				PRODUCT_BUNDLE_IDENTIFIER = com.plaid.PlaidLinkUITests;
				PRODUCT_NAME = "$(TARGET_NAME)";
				TEST_TARGET_NAME = PlaidLink;
				USES_XCTRUNNER = YES;
			};
			name = Release;
		};
/* End XCBuildConfiguration section */

/* Begin XCConfigurationList section */
		5316B4B71BD86628006F627E /* Build configuration list for PBXProject "PlaidLink" */ = {
			isa = XCConfigurationList;
			buildConfigurations = (
				5316B4DC1BD86628006F627E /* Debug */,
				5316B4DD1BD86628006F627E /* Release */,
			);
			defaultConfigurationIsVisible = 0;
			defaultConfigurationName = Release;
		};
		5316B4DE1BD86628006F627E /* Build configuration list for PBXNativeTarget "PlaidLink" */ = {
			isa = XCConfigurationList;
			buildConfigurations = (
				5316B4DF1BD86628006F627E /* Debug */,
				5316B4E01BD86628006F627E /* Release */,
			);
			defaultConfigurationIsVisible = 0;
			defaultConfigurationName = Release;
		};
		5316B4E11BD86628006F627E /* Build configuration list for PBXNativeTarget "PlaidLinkUITests" */ = {
			isa = XCConfigurationList;
			buildConfigurations = (
				5316B4E21BD86628006F627E /* Debug */,
				5316B4E31BD86628006F627E /* Release */,
			);
			defaultConfigurationIsVisible = 0;
			defaultConfigurationName = Release;
		};
/* End XCConfigurationList section */
	};
	rootObject = 5316B4B41BD86628006F627E /* Project object */;
}
